
Microsoft Visual Studio Solution File, Format Version 12.00
# Visual Studio 15
VisualStudioVersion = 15.0.28010.2048
MinimumVisualStudioVersion = 10.0.40219.1
Project("{FAE04EC0-301F-11D3-BF4B-00C04F79EFBC}") = "finalProject411", "finalProject411\finalProject411.csproj", "{30B8F46D-C73F-4C9A-928B-71D72B39C1EF}"
EndProject
Global
	GlobalSection(SolutionConfigurationPlatforms) = preSolution
		Debug|Any CPU = Debug|Any CPU
		Release|Any CPU = Release|Any CPU
	EndGlobalSection
	GlobalSection(ProjectConfigurationPlatforms) = postSolution
		{30B8F46D-C73F-4C9A-928B-71D72B39C1EF}.Debug|Any CPU.ActiveCfg = Debug|Any CPU
		{30B8F46D-C73F-4C9A-928B-71D72B39C1EF}.Debug|Any CPU.Build.0 = Debug|Any CPU
		{30B8F46D-C73F-4C9A-928B-71D72B39C1EF}.Release|Any CPU.ActiveCfg = Release|Any CPU
		{30B8F46D-C73F-4C9A-928B-71D72B39C1EF}.Release|Any CPU.Build.0 = Release|Any CPU
	EndGlobalSection
	GlobalSection(SolutionProperties) = preSolution
		HideSolutionNode = FALSE
	EndGlobalSection
	GlobalSection(ExtensibilityGlobals) = postSolution
		SolutionGuid = {6EB91FE5-89CC-4068-AAA8-94691C4FCD98}
	EndGlobalSection
EndGlobal
